// !$*UTF8*$!
{
	archiveVersion = 1;
	classes = {
	};
	objectVersion = 50;
	objects = {

/* Begin PBXBuildFile section */
		A6147FA92601543900AC77F4 /* sounds in Resources */ = {isa = PBXBuildFile; fileRef = A6147FA82601543900AC77F4 /* sounds */; };
		A61D93D025F2E708000DD928 /* Assets.xcassets in Resources */ = {isa = PBXBuildFile; fileRef = A61D93CF25F2E708000DD928 /* Assets.xcassets */; };
		A65EC72B25B8C3BA00DF23D3 /* AppDelegate.swift in Sources */ = {isa = PBXBuildFile; fileRef = A65EC72A25B8C3BA00DF23D3 /* AppDelegate.swift */; };
		A65EC72D25B8C3BA00DF23D3 /* SceneDelegate.swift in Sources */ = {isa = PBXBuildFile; fileRef = A65EC72C25B8C3BA00DF23D3 /* SceneDelegate.swift */; };
		A65EC72F25B8C3BA00DF23D3 /* ViewController.swift in Sources */ = {isa = PBXBuildFile; fileRef = A65EC72E25B8C3BA00DF23D3 /* ViewController.swift */; };
		A65EC73225B8C3BA00DF23D3 /* Main.storyboard in Resources */ = {isa = PBXBuildFile; fileRef = A65EC73025B8C3BA00DF23D3 /* Main.storyboard */; };
		A65EC73725B8C3BC00DF23D3 /* LaunchScreen.storyboard in Resources */ = {isa = PBXBuildFile; fileRef = A65EC73525B8C3BC00DF23D3 /* LaunchScreen.storyboard */; };
		A6E9DA6B25F34B64006825A5 /* SettingsViewController.swift in Sources */ = {isa = PBXBuildFile; fileRef = A6E9DA6A25F34B64006825A5 /* SettingsViewController.swift */; };
		A6EF4B8226015B1A00519AAE /* ProximaNovaBlack.ttf in Resources */ = {isa = PBXBuildFile; fileRef = A6147FAF2601546B00AC77F4 /* ProximaNovaBlack.ttf */; };
		A6EF4B8426015B1C00519AAE /* ProximaNovaCondensedBold.ttf in Resources */ = {isa = PBXBuildFile; fileRef = A6147FAE2601546B00AC77F4 /* ProximaNovaCondensedBold.ttf */; };
		A6EF4B8626015B1E00519AAE /* Otama-ep.ttf in Resources */ = {isa = PBXBuildFile; fileRef = A6147FAD2601546B00AC77F4 /* Otama-ep.ttf */; };
/* End PBXBuildFile section */

/* Begin PBXFileReference section */
		A6147FA82601543900AC77F4 /* sounds */ = {isa = PBXFileReference; lastKnownFileType = folder; path = sounds; sourceTree = "<group>"; };
		A6147FAD2601546B00AC77F4 /* Otama-ep.ttf */ = {isa = PBXFileReference; lastKnownFileType = file; path = "Otama-ep.ttf"; sourceTree = "<group>"; };
		A6147FAE2601546B00AC77F4 /* ProximaNovaCondensedBold.ttf */ = {isa = PBXFileReference; lastKnownFileType = file; path = ProximaNovaCondensedBold.ttf; sourceTree = "<group>"; };
		A6147FAF2601546B00AC77F4 /* ProximaNovaBlack.ttf */ = {isa = PBXFileReference; lastKnownFileType = file; path = ProximaNovaBlack.ttf; sourceTree = "<group>"; };
		A61D93CF25F2E708000DD928 /* Assets.xcassets */ = {isa = PBXFileReference; lastKnownFileType = folder.assetcatalog; name = Assets.xcassets; path = ../Assets.xcassets; sourceTree = "<group>"; };
		A65EC72725B8C3BA00DF23D3 /* idm362-meg394.app */ = {isa = PBXFileReference; explicitFileType = wrapper.application; includeInIndex = 0; path = "idm362-meg394.app"; sourceTree = BUILT_PRODUCTS_DIR; };
		A65EC72A25B8C3BA00DF23D3 /* AppDelegate.swift */ = {isa = PBXFileReference; lastKnownFileType = sourcecode.swift; path = AppDelegate.swift; sourceTree = "<group>"; };
		A65EC72C25B8C3BA00DF23D3 /* SceneDelegate.swift */ = {isa = PBXFileReference; lastKnownFileType = sourcecode.swift; path = SceneDelegate.swift; sourceTree = "<group>"; };
		A65EC72E25B8C3BA00DF23D3 /* ViewController.swift */ = {isa = PBXFileReference; lastKnownFileType = sourcecode.swift; path = ViewController.swift; sourceTree = "<group>"; };
		A65EC73125B8C3BA00DF23D3 /* Base */ = {isa = PBXFileReference; lastKnownFileType = file.storyboard; name = Base; path = Base.lproj/Main.storyboard; sourceTree = "<group>"; };
		A65EC73625B8C3BC00DF23D3 /* Base */ = {isa = PBXFileReference; lastKnownFileType = file.storyboard; name = Base; path = Base.lproj/LaunchScreen.storyboard; sourceTree = "<group>"; };
		A65EC73825B8C3BC00DF23D3 /* Info.plist */ = {isa = PBXFileReference; lastKnownFileType = text.plist.xml; path = Info.plist; sourceTree = "<group>"; };
		A6E9DA6A25F34B64006825A5 /* SettingsViewController.swift */ = {isa = PBXFileReference; lastKnownFileType = sourcecode.swift; path = SettingsViewController.swift; sourceTree = "<group>"; };
/* End PBXFileReference section */

/* Begin PBXFrameworksBuildPhase section */
		A65EC72425B8C3BA00DF23D3 /* Frameworks */ = {
			isa = PBXFrameworksBuildPhase;
			buildActionMask = 2147483647;
			files = (
			);
			runOnlyForDeploymentPostprocessing = 0;
		};
/* End PBXFrameworksBuildPhase section */

/* Begin PBXGroup section */
		A6147FAC2601546B00AC77F4 /* fonts */ = {
			isa = PBXGroup;
			children = (
				A6147FAD2601546B00AC77F4 /* Otama-ep.ttf */,
				A6147FAE2601546B00AC77F4 /* ProximaNovaCondensedBold.ttf */,
				A6147FAF2601546B00AC77F4 /* ProximaNovaBlack.ttf */,
			);
			path = fonts;
			sourceTree = "<group>";
		};
		A65EC71E25B8C3BA00DF23D3 = {
			isa = PBXGroup;
			children = (
				A65EC72925B8C3BA00DF23D3 /* idm362-meg394 */,
				A6147FAC2601546B00AC77F4 /* fonts */,
				A6147FA82601543900AC77F4 /* sounds */,
				A65EC72825B8C3BA00DF23D3 /* Products */,
			);
			sourceTree = "<group>";
		};
		A65EC72825B8C3BA00DF23D3 /* Products */ = {
			isa = PBXGroup;
			children = (
				A65EC72725B8C3BA00DF23D3 /* idm362-meg394.app */,
			);
			name = Products;
			sourceTree = "<group>";
		};
		A65EC72925B8C3BA00DF23D3 /* idm362-meg394 */ = {
			isa = PBXGroup;
			children = (
				A61D93CF25F2E708000DD928 /* Assets.xcassets */,
				A65EC72A25B8C3BA00DF23D3 /* AppDelegate.swift */,
				A65EC72C25B8C3BA00DF23D3 /* SceneDelegate.swift */,
				A65EC72E25B8C3BA00DF23D3 /* ViewController.swift */,
				A65EC73025B8C3BA00DF23D3 /* Main.storyboard */,
				A6E9DA6A25F34B64006825A5 /* SettingsViewController.swift */,
				A65EC73525B8C3BC00DF23D3 /* LaunchScreen.storyboard */,
				A65EC73825B8C3BC00DF23D3 /* Info.plist */,
			);
			path = "idm362-meg394";
			sourceTree = "<group>";
		};
/* End PBXGroup section */

/* Begin PBXNativeTarget section */
		A65EC72625B8C3BA00DF23D3 /* idm362-meg394 */ = {
			isa = PBXNativeTarget;
			buildConfigurationList = A65EC73B25B8C3BC00DF23D3 /* Build configuration list for PBXNativeTarget "idm362-meg394" */;
			buildPhases = (
				A65EC72325B8C3BA00DF23D3 /* Sources */,
				A65EC72425B8C3BA00DF23D3 /* Frameworks */,
				A65EC72525B8C3BA00DF23D3 /* Resources */,
			);
			buildRules = (
			);
			dependencies = (
			);
			name = "idm362-meg394";
			productName = "idm362-meg394";
			productReference = A65EC72725B8C3BA00DF23D3 /* idm362-meg394.app */;
			productType = "com.apple.product-type.application";
		};
/* End PBXNativeTarget section */

/* Begin PBXProject section */
		A65EC71F25B8C3BA00DF23D3 /* Project object */ = {
			isa = PBXProject;
			attributes = {
				LastSwiftUpdateCheck = 1230;
				LastUpgradeCheck = 1230;
				TargetAttributes = {
					A65EC72625B8C3BA00DF23D3 = {
						CreatedOnToolsVersion = 12.3;
					};
				};
			};
			buildConfigurationList = A65EC72225B8C3BA00DF23D3 /* Build configuration list for PBXProject "idm362-meg394" */;
			compatibilityVersion = "Xcode 9.3";
			developmentRegion = en;
			hasScannedForEncodings = 0;
			knownRegions = (
				en,
				Base,
			);
			mainGroup = A65EC71E25B8C3BA00DF23D3;
			productRefGroup = A65EC72825B8C3BA00DF23D3 /* Products */;
			projectDirPath = "";
			projectRoot = "";
			targets = (
				A65EC72625B8C3BA00DF23D3 /* idm362-meg394 */,
			);
		};
/* End PBXProject section */

/* Begin PBXResourcesBuildPhase section */
		A65EC72525B8C3BA00DF23D3 /* Resources */ = {
			isa = PBXResourcesBuildPhase;
			buildActionMask = 2147483647;
			files = (
				A6EF4B8626015B1E00519AAE /* Otama-ep.ttf in Resources */,
				A65EC73725B8C3BC00DF23D3 /* LaunchScreen.storyboard in Resources */,
				A6147FA92601543900AC77F4 /* sounds in Resources */,
				A6EF4B8426015B1C00519AAE /* ProximaNovaCondensedBold.ttf in Resources */,
				A65EC73225B8C3BA00DF23D3 /* Main.storyboard in Resources */,
				A6EF4B8226015B1A00519AAE /* ProximaNovaBlack.ttf in Resources */,
				A61D93D025F2E708000DD928 /* Assets.xcassets in Resources */,
			);
			runOnlyForDeploymentPostprocessing = 0;
		};
/* End PBXResourcesBuildPhase section */

/* Begin PBXSourcesBuildPhase section */
		A65EC72325B8C3BA00DF23D3 /* Sources */ = {
			isa = PBXSourcesBuildPhase;
			buildActionMask = 2147483647;
			files = (
				A65EC72F25B8C3BA00DF23D3 /* ViewController.swift in Sources */,
				A65EC72B25B8C3BA00DF23D3 /* AppDelegate.swift in Sources */,
				A65EC72D25B8C3BA00DF23D3 /* SceneDelegate.swift in Sources */,
				A6E9DA6B25F34B64006825A5 /* SettingsViewController.swift in Sources */,
			);
			runOnlyForDeploymentPostprocessing = 0;
		};
/* End PBXSourcesBuildPhase section */

/* Begin PBXVariantGroup section */
		A65EC73025B8C3BA00DF23D3 /* Main.storyboard */ = {
			isa = PBXVariantGroup;
			children = (
				A65EC73125B8C3BA00DF23D3 /* Base */,
			);
			name = Main.storyboard;
			sourceTree = "<group>";
		};
		A65EC73525B8C3BC00DF23D3 /* LaunchScreen.storyboard */ = {
			isa = PBXVariantGroup;
			children = (
				A65EC73625B8C3BC00DF23D3 /* Base */,
			);
			name = LaunchScreen.storyboard;
			sourceTree = "<group>";
		};
/* End PBXVariantGroup section */

/* Begin XCBuildConfiguration section */
		A65EC73925B8C3BC00DF23D3 /* Debug */ = {
			isa = XCBuildConfiguration;
			buildSettings = {
				ALWAYS_SEARCH_USER_PATHS = NO;
				CLANG_ANALYZER_NONNULL = YES;
				CLANG_ANALYZER_NUMBER_OBJECT_CONVERSION = YES_AGGRESSIVE;
				CLANG_CXX_LANGUAGE_STANDARD = "gnu++14";
				CLANG_CXX_LIBRARY = "libc++";
				CLANG_ENABLE_MODULES = YES;
				CLANG_ENABLE_OBJC_ARC = YES;
				CLANG_ENABLE_OBJC_WEAK = YES;
				CLANG_WARN_BLOCK_CAPTURE_AUTORELEASING = YES;
				CLANG_WARN_BOOL_CONVERSION = YES;
				CLANG_WARN_COMMA = YES;
				CLANG_WARN_CONSTANT_CONVERSION = YES;
				CLANG_WARN_DEPRECATED_OBJC_IMPLEMENTATIONS = YES;
				CLANG_WARN_DIRECT_OBJC_ISA_USAGE = YES_ERROR;
				CLANG_WARN_DOCUMENTATION_COMMENTS = YES;
				CLANG_WARN_EMPTY_BODY = YES;
				CLANG_WARN_ENUM_CONVERSION = YES;
				CLANG_WARN_INFINITE_RECURSION = YES;
				CLANG_WARN_INT_CONVERSION = YES;
				CLANG_WARN_NON_LITERAL_NULL_CONVERSION = YES;
				CLANG_WARN_OBJC_IMPLICIT_RETAIN_SELF = YES;
				CLANG_WARN_OBJC_LITERAL_CONVERSION = YES;
				CLANG_WARN_OBJC_ROOT_CLASS = YES_ERROR;
				CLANG_WARN_QUOTED_INCLUDE_IN_FRAMEWORK_HEADER = YES;
				CLANG_WARN_RANGE_LOOP_ANALYSIS = YES;
				CLANG_WARN_STRICT_PROTOTYPES = YES;
				CLANG_WARN_SUSPICIOUS_MOVE = YES;
				CLANG_WARN_UNGUARDED_AVAILABILITY = YES_AGGRESSIVE;
				CLANG_WARN_UNREACHABLE_CODE = YES;
				CLANG_WARN__DUPLICATE_METHOD_MATCH = YES;
				COPY_PHASE_STRIP = NO;
				DEBUG_INFORMATION_FORMAT = dwarf;
				ENABLE_STRICT_OBJC_MSGSEND = YES;
				ENABLE_TESTABILITY = YES;
				GCC_C_LANGUAGE_STANDARD = gnu11;
				GCC_DYNAMIC_NO_PIC = NO;
				GCC_NO_COMMON_BLOCKS = YES;
				GCC_OPTIMIZATION_LEVEL = 0;
				GCC_PREPROCESSOR_DEFINITIONS = (
					"DEBUG=1",
					"$(inherited)",
				);
				GCC_WARN_64_TO_32_BIT_CONVERSION = YES;
				GCC_WARN_ABOUT_RETURN_TYPE = YES_ERROR;
				GCC_WARN_UNDECLARED_SELECTOR = YES;
				GCC_WARN_UNINITIALIZED_AUTOS = YES_AGGRESSIVE;
				GCC_WARN_UNUSED_FUNCTION = YES;
				GCC_WARN_UNUSED_VARIABLE = YES;
				IPHONEOS_DEPLOYMENT_TARGET = 14.3;
				MTL_ENABLE_DEBUG_INFO = INCLUDE_SOURCE;
				MTL_FAST_MATH = YES;
				ONLY_ACTIVE_ARCH = YES;
				SDKROOT = iphoneos;
				SWIFT_ACTIVE_COMPILATION_CONDITIONS = DEBUG;
				SWIFT_OPTIMIZATION_LEVEL = "-Onone";
			};
			name = Debug;
		};
		A65EC73A25B8C3BC00DF23D3 /* Release */ = {
			isa = XCBuildConfiguration;
			buildSettings = {
				ALWAYS_SEARCH_USER_PATHS = NO;
				CLANG_ANALYZER_NONNULL = YES;
				CLANG_ANALYZER_NUMBER_OBJECT_CONVERSION = YES_AGGRESSIVE;
				CLANG_CXX_LANGUAGE_STANDARD = "gnu++14";
				CLANG_CXX_LIBRARY = "libc++";
				CLANG_ENABLE_MODULES = YES;
				CLANG_ENABLE_OBJC_ARC = YES;
				CLANG_ENABLE_OBJC_WEAK = YES;
				CLANG_WARN_BLOCK_CAPTURE_AUTORELEASING = YES;
				CLANG_WARN_BOOL_CONVERSION = YES;
				CLANG_WARN_COMMA = YES;
				CLANG_WARN_CONSTANT_CONVERSION = YES;
				CLANG_WARN_DEPRECATED_OBJC_IMPLEMENTATIONS = YES;
				CLANG_WARN_DIRECT_OBJC_ISA_USAGE = YES_ERROR;
				CLANG_WARN_DOCUMENTATION_COMMENTS = YES;
				CLANG_WARN_EMPTY_BODY = YES;
				CLANG_WARN_ENUM_CONVERSION = YES;
				CLANG_WARN_INFINITE_RECURSION = YES;
				CLANG_WARN_INT_CONVERSION = YES;
				CLANG_WARN_NON_LITERAL_NULL_CONVERSION = YES;
				CLANG_WARN_OBJC_IMPLICIT_RETAIN_SELF = YES;
				CLANG_WARN_OBJC_LITERAL_CONVERSION = YES;
				CLANG_WARN_OBJC_ROOT_CLASS = YES_ERROR;
				CLANG_WARN_QUOTED_INCLUDE_IN_FRAMEWORK_HEADER = YES;
				CLANG_WARN_RANGE_LOOP_ANALYSIS = YES;
				CLANG_WARN_STRICT_PROTOTYPES = YES;
				CLANG_WARN_SUSPICIOUS_MOVE = YES;
				CLANG_WARN_UNGUARDED_AVAILABILITY = YES_AGGRESSIVE;
				CLANG_WARN_UNREACHABLE_CODE = YES;
				CLANG_WARN__DUPLICATE_METHOD_MATCH = YES;
				COPY_PHASE_STRIP = NO;
				DEBUG_INFORMATION_FORMAT = "dwarf-with-dsym";
				ENABLE_NS_ASSERTIONS = NO;
				ENABLE_STRICT_OBJC_MSGSEND = YES;
				GCC_C_LANGUAGE_STANDARD = gnu11;
				GCC_NO_COMMON_BLOCKS = YES;
				GCC_WARN_64_TO_32_BIT_CONVERSION = YES;
				GCC_WARN_ABOUT_RETURN_TYPE = YES_ERROR;
				GCC_WARN_UNDECLARED_SELECTOR = YES;
				GCC_WARN_UNINITIALIZED_AUTOS = YES_AGGRESSIVE;
				GCC_WARN_UNUSED_FUNCTION = YES;
				GCC_WARN_UNUSED_VARIABLE = YES;
				IPHONEOS_DEPLOYMENT_TARGET = 14.3;
				MTL_ENABLE_DEBUG_INFO = NO;
				MTL_FAST_MATH = YES;
				SDKROOT = iphoneos;
				SWIFT_COMPILATION_MODE = wholemodule;
				SWIFT_OPTIMIZATION_LEVEL = "-O";
				VALIDATE_PRODUCT = YES;
			};
			name = Release;
		};
		A65EC73C25B8C3BC00DF23D3 /* Debug */ = {
			isa = XCBuildConfiguration;
			buildSettings = {
				ASSETCATALOG_COMPILER_APPICON_NAME = AppIcon;
				ASSETCATALOG_COMPILER_GLOBAL_ACCENT_COLOR_NAME = AccentColor;
				CODE_SIGN_IDENTITY = "Apple Development";
				CODE_SIGN_STYLE = Automatic;
				DEVELOPMENT_TEAM = JJ5287N296;
				INFOPLIST_FILE = "idm362-meg394/Info.plist";
				LD_RUNPATH_SEARCH_PATHS = (
					"$(inherited)",
					"@executable_path/Frameworks",
				);
				PRODUCT_BUNDLE_IDENTIFIER = com.themgdesign;
				PRODUCT_NAME = "$(TARGET_NAME)";
				PROVISIONING_PROFILE_SPECIFIER = "";
				SWIFT_VERSION = 5.0;
				TARGETED_DEVICE_FAMILY = "1,2";
			};
			name = Debug;
		};
		A65EC73D25B8C3BC00DF23D3 /* Release */ = {
			isa = XCBuildConfiguration;
			buildSettings = {
				ASSETCATALOG_COMPILER_APPICON_NAME = AppIcon;
				ASSETCATALOG_COMPILER_GLOBAL_ACCENT_COLOR_NAME = AccentColor;
				CODE_SIGN_IDENTITY = "Apple Development";
				CODE_SIGN_STYLE = Automatic;
				DEVELOPMENT_TEAM = JJ5287N296;
				INFOPLIST_FILE = "idm362-meg394/Info.plist";
				LD_RUNPATH_SEARCH_PATHS = (
					"$(inherited)",
					"@executable_path/Frameworks",
				);
				PRODUCT_BUNDLE_IDENTIFIER = com.themgdesign;
				PRODUCT_NAME = "$(TARGET_NAME)";
				PROVISIONING_PROFILE_SPECIFIER = "";
				SWIFT_VERSION = 5.0;
				TARGETED_DEVICE_FAMILY = "1,2";
			};
			name = Release;
		};
/* End XCBuildConfiguration section */

/* Begin XCConfigurationList section */
		A65EC72225B8C3BA00DF23D3 /* Build configuration list for PBXProject "idm362-meg394" */ = {
			isa = XCConfigurationList;
			buildConfigurations = (
				A65EC73925B8C3BC00DF23D3 /* Debug */,
				A65EC73A25B8C3BC00DF23D3 /* Release */,
			);
			defaultConfigurationIsVisible = 0;
			defaultConfigurationName = Release;
		};
		A65EC73B25B8C3BC00DF23D3 /* Build configuration list for PBXNativeTarget "idm362-meg394" */ = {
			isa = XCConfigurationList;
			buildConfigurations = (
				A65EC73C25B8C3BC00DF23D3 /* Debug */,
				A65EC73D25B8C3BC00DF23D3 /* Release */,
			);
			defaultConfigurationIsVisible = 0;
			defaultConfigurationName = Release;
		};
/* End XCConfigurationList section */
	};
	rootObject = A65EC71F25B8C3BA00DF23D3 /* Project object */;
}
